
Microsoft Visual Studio Solution File, Format Version 12.00
Project("{FAE04EC0-301F-11D3-BF4B-00C04F79EFBC}") = "ToDoList", "ToDoList\ToDoList.csproj", "{F232CD3B-FFA3-41A5-A2F3-893D19BF60F2}"
EndProject
Project("{2150E333-8FDC-42A3-9474-1A3956D46DE8}") = "Solution Items", "Solution Items", "{4660B260-7845-4D4C-B030-E6B5CA43A2E4}"
	ProjectSection(SolutionItems) = preProject
		compose.yaml = compose.yaml
		.env = .env
	EndProjectSection
EndProject
Project("{FAE04EC0-301F-11D3-BF4B-00C04F79EFBC}") = "ToDoList.Application", "ToDoList.Application\ToDoList.Application.csproj", "{7D2C3987-5FC4-4FC5-BA5E-922B82D7E767}"
EndProject
Project("{FAE04EC0-301F-11D3-BF4B-00C04F79EFBC}") = "ToDoList.Domain", "ToDoList.Domain\ToDoList.Domain.csproj", "{C52B5C2E-7956-4E8E-99DB-CB185502C999}"
EndProject
Project("{FAE04EC0-301F-11D3-BF4B-00C04F79EFBC}") = "ToDoList.Infrastructure", "ToDoList.Infrastructure\ToDoList.Infrastructure.csproj", "{EC22C99D-0629-4BF4-9E2F-47D7A3A7197E}"
EndProject
Global
	GlobalSection(SolutionConfigurationPlatforms) = preSolution
		Debug|Any CPU = Debug|Any CPU
		Release|Any CPU = Release|Any CPU
	EndGlobalSection
	GlobalSection(ProjectConfigurationPlatforms) = postSolution
		{F232CD3B-FFA3-41A5-A2F3-893D19BF60F2}.Debug|Any CPU.ActiveCfg = Debug|Any CPU
		{F232CD3B-FFA3-41A5-A2F3-893D19BF60F2}.Debug|Any CPU.Build.0 = Debug|Any CPU
		{F232CD3B-FFA3-41A5-A2F3-893D19BF60F2}.Release|Any CPU.ActiveCfg = Release|Any CPU
		{F232CD3B-FFA3-41A5-A2F3-893D19BF60F2}.Release|Any CPU.Build.0 = Release|Any CPU
		{7D2C3987-5FC4-4FC5-BA5E-922B82D7E767}.Debug|Any CPU.ActiveCfg = Debug|Any CPU
		{7D2C3987-5FC4-4FC5-BA5E-922B82D7E767}.Debug|Any CPU.Build.0 = Debug|Any CPU
		{7D2C3987-5FC4-4FC5-BA5E-922B82D7E767}.Release|Any CPU.ActiveCfg = Release|Any CPU
		{7D2C3987-5FC4-4FC5-BA5E-922B82D7E767}.Release|Any CPU.Build.0 = Release|Any CPU
		{C52B5C2E-7956-4E8E-99DB-CB185502C999}.Debug|Any CPU.ActiveCfg = Debug|Any CPU
		{C52B5C2E-7956-4E8E-99DB-CB185502C999}.Debug|Any CPU.Build.0 = Debug|Any CPU
		{C52B5C2E-7956-4E8E-99DB-CB185502C999}.Release|Any CPU.ActiveCfg = Release|Any CPU
		{C52B5C2E-7956-4E8E-99DB-CB185502C999}.Release|Any CPU.Build.0 = Release|Any CPU
		{EC22C99D-0629-4BF4-9E2F-47D7A3A7197E}.Debug|Any CPU.ActiveCfg = Debug|Any CPU
		{EC22C99D-0629-4BF4-9E2F-47D7A3A7197E}.Debug|Any CPU.Build.0 = Debug|Any CPU
		{EC22C99D-0629-4BF4-9E2F-47D7A3A7197E}.Release|Any CPU.ActiveCfg = Release|Any CPU
		{EC22C99D-0629-4BF4-9E2F-47D7A3A7197E}.Release|Any CPU.Build.0 = Release|Any CPU
	EndGlobalSection
EndGlobal
